
Microsoft Visual Studio Solution File, Format Version 12.00
# Visual Studio Version 17
VisualStudioVersion = 17.13.35825.156 d17.13
MinimumVisualStudioVersion = 10.0.40219.1
Project("{FAE04EC0-301F-11D3-BF4B-00C04F79EFBC}") = "WebApplicationPrAnanyin", "WebApplicationPrAnanyin\WebApplicationPrAnanyin.csproj", "{1E536B19-3DEC-449D-A91C-DFD1D8B8746F}"
EndProject
Global
	GlobalSection(SolutionConfigurationPlatforms) = preSolution
		Debug|Any CPU = Debug|Any CPU
		Release|Any CPU = Release|Any CPU
	EndGlobalSection
	GlobalSection(ProjectConfigurationPlatforms) = postSolution
		{1E536B19-3DEC-449D-A91C-DFD1D8B8746F}.Debug|Any CPU.ActiveCfg = Debug|Any CPU
		{1E536B19-3DEC-449D-A91C-DFD1D8B8746F}.Debug|Any CPU.Build.0 = Debug|Any CPU
		{1E536B19-3DEC-449D-A91C-DFD1D8B8746F}.Release|Any CPU.ActiveCfg = Release|Any CPU
		{1E536B19-3DEC-449D-A91C-DFD1D8B8746F}.Release|Any CPU.Build.0 = Release|Any CPU
	EndGlobalSection
	GlobalSection(SolutionProperties) = preSolution
		HideSolutionNode = FALSE
	EndGlobalSection
	GlobalSection(ExtensibilityGlobals) = postSolution
		SolutionGuid = {3B0763BA-F732-444C-9E02-D82EA53A276B}
	EndGlobalSection
EndGlobal
